// !$*UTF8*$!
{
	archiveVersion = 1;
	classes = {
	};
	objectVersion = 56;
	objects = {

/* Begin PBXBuildFile section */
		AE25E5972AE4ECD700C8C5BA /* AppDelegate.swift in Sources */ = {isa = PBXBuildFile; fileRef = AE25E5962AE4ECD700C8C5BA /* AppDelegate.swift */; };
		AE25E5992AE4ECD700C8C5BA /* SceneDelegate.swift in Sources */ = {isa = PBXBuildFile; fileRef = AE25E5982AE4ECD700C8C5BA /* SceneDelegate.swift */; };
		AE25E59B2AE4ECD700C8C5BA /* ViewController.swift in Sources */ = {isa = PBXBuildFile; fileRef = AE25E59A2AE4ECD700C8C5BA /* ViewController.swift */; };
		AE25E59E2AE4ECD700C8C5BA /* Main.storyboard in Resources */ = {isa = PBXBuildFile; fileRef = AE25E59C2AE4ECD700C8C5BA /* Main.storyboard */; };
		AE25E5A02AE4ECD800C8C5BA /* Assets.xcassets in Resources */ = {isa = PBXBuildFile; fileRef = AE25E59F2AE4ECD800C8C5BA /* Assets.xcassets */; };
		AE25E5A32AE4ECD800C8C5BA /* LaunchScreen.storyboard in Resources */ = {isa = PBXBuildFile; fileRef = AE25E5A12AE4ECD800C8C5BA /* LaunchScreen.storyboard */; };
		AE25E5AB2AE5001C00C8C5BA /* LoginViewController.swift in Sources */ = {isa = PBXBuildFile; fileRef = AE25E5AA2AE5001C00C8C5BA /* LoginViewController.swift */; };
		AE25E5AD2AE5102C00C8C5BA /* LoginViewModel.swift in Sources */ = {isa = PBXBuildFile; fileRef = AE25E5AC2AE5102C00C8C5BA /* LoginViewModel.swift */; };
		AE25E5B02AE51ABB00C8C5BA /* UITextField+textPublisher.swift in Sources */ = {isa = PBXBuildFile; fileRef = AE25E5AF2AE51ABB00C8C5BA /* UITextField+textPublisher.swift */; };
/* End PBXBuildFile section */

/* Begin PBXFileReference section */
		AE25E5932AE4ECD700C8C5BA /* CombineLearn_Login.app */ = {isa = PBXFileReference; explicitFileType = wrapper.application; includeInIndex = 0; path = CombineLearn_Login.app; sourceTree = BUILT_PRODUCTS_DIR; };
		AE25E5962AE4ECD700C8C5BA /* AppDelegate.swift */ = {isa = PBXFileReference; lastKnownFileType = sourcecode.swift; path = AppDelegate.swift; sourceTree = "<group>"; };
		AE25E5982AE4ECD700C8C5BA /* SceneDelegate.swift */ = {isa = PBXFileReference; lastKnownFileType = sourcecode.swift; path = SceneDelegate.swift; sourceTree = "<group>"; };
		AE25E59A2AE4ECD700C8C5BA /* ViewController.swift */ = {isa = PBXFileReference; lastKnownFileType = sourcecode.swift; path = ViewController.swift; sourceTree = "<group>"; };
		AE25E59D2AE4ECD700C8C5BA /* Base */ = {isa = PBXFileReference; lastKnownFileType = file.storyboard; name = Base; path = Base.lproj/Main.storyboard; sourceTree = "<group>"; };
		AE25E59F2AE4ECD800C8C5BA /* Assets.xcassets */ = {isa = PBXFileReference; lastKnownFileType = folder.assetcatalog; path = Assets.xcassets; sourceTree = "<group>"; };
		AE25E5A22AE4ECD800C8C5BA /* Base */ = {isa = PBXFileReference; lastKnownFileType = file.storyboard; name = Base; path = Base.lproj/LaunchScreen.storyboard; sourceTree = "<group>"; };
		AE25E5A42AE4ECD800C8C5BA /* Info.plist */ = {isa = PBXFileReference; lastKnownFileType = text.plist.xml; path = Info.plist; sourceTree = "<group>"; };
		AE25E5AA2AE5001C00C8C5BA /* LoginViewController.swift */ = {isa = PBXFileReference; lastKnownFileType = sourcecode.swift; path = LoginViewController.swift; sourceTree = "<group>"; };
		AE25E5AC2AE5102C00C8C5BA /* LoginViewModel.swift */ = {isa = PBXFileReference; lastKnownFileType = sourcecode.swift; path = LoginViewModel.swift; sourceTree = "<group>"; };
		AE25E5AF2AE51ABB00C8C5BA /* UITextField+textPublisher.swift */ = {isa = PBXFileReference; lastKnownFileType = sourcecode.swift; path = "UITextField+textPublisher.swift"; sourceTree = "<group>"; };
/* End PBXFileReference section */

/* Begin PBXFrameworksBuildPhase section */
		AE25E5902AE4ECD700C8C5BA /* Frameworks */ = {
			isa = PBXFrameworksBuildPhase;
			buildActionMask = 2147483647;
			files = (
			);
			runOnlyForDeploymentPostprocessing = 0;
		};
/* End PBXFrameworksBuildPhase section */

/* Begin PBXGroup section */
		AE25E58A2AE4ECD700C8C5BA = {
			isa = PBXGroup;
			children = (
				AE25E5952AE4ECD700C8C5BA /* CombineLearn_Login */,
				AE25E5942AE4ECD700C8C5BA /* Products */,
			);
			sourceTree = "<group>";
		};
		AE25E5942AE4ECD700C8C5BA /* Products */ = {
			isa = PBXGroup;
			children = (
				AE25E5932AE4ECD700C8C5BA /* CombineLearn_Login.app */,
			);
			name = Products;
			sourceTree = "<group>";
		};
		AE25E5952AE4ECD700C8C5BA /* CombineLearn_Login */ = {
			isa = PBXGroup;
			children = (
				AE25E5AE2AE51A9500C8C5BA /* extension */,
				AE25E5962AE4ECD700C8C5BA /* AppDelegate.swift */,
				AE25E5982AE4ECD700C8C5BA /* SceneDelegate.swift */,
				AE25E59A2AE4ECD700C8C5BA /* ViewController.swift */,
				AE25E59C2AE4ECD700C8C5BA /* Main.storyboard */,
				AE25E5AA2AE5001C00C8C5BA /* LoginViewController.swift */,
				AE25E5AC2AE5102C00C8C5BA /* LoginViewModel.swift */,
				AE25E59F2AE4ECD800C8C5BA /* Assets.xcassets */,
				AE25E5A12AE4ECD800C8C5BA /* LaunchScreen.storyboard */,
				AE25E5A42AE4ECD800C8C5BA /* Info.plist */,
			);
			path = CombineLearn_Login;
			sourceTree = "<group>";
		};
		AE25E5AE2AE51A9500C8C5BA /* extension */ = {
			isa = PBXGroup;
			children = (
				AE25E5AF2AE51ABB00C8C5BA /* UITextField+textPublisher.swift */,
			);
			path = extension;
			sourceTree = "<group>";
		};
/* End PBXGroup section */

/* Begin PBXNativeTarget section */
		AE25E5922AE4ECD700C8C5BA /* CombineLearn_Login */ = {
			isa = PBXNativeTarget;
			buildConfigurationList = AE25E5A72AE4ECD800C8C5BA /* Build configuration list for PBXNativeTarget "CombineLearn_Login" */;
			buildPhases = (
				AE25E58F2AE4ECD700C8C5BA /* Sources */,
				AE25E5902AE4ECD700C8C5BA /* Frameworks */,
				AE25E5912AE4ECD700C8C5BA /* Resources */,
			);
			buildRules = (
			);
			dependencies = (
			);
			name = CombineLearn_Login;
			productName = CombineLearn_Login;
			productReference = AE25E5932AE4ECD700C8C5BA /* CombineLearn_Login.app */;
			productType = "com.apple.product-type.application";
		};
/* End PBXNativeTarget section */

/* Begin PBXProject section */
		AE25E58B2AE4ECD700C8C5BA /* Project object */ = {
			isa = PBXProject;
			attributes = {
				BuildIndependentTargetsInParallel = 1;
				LastSwiftUpdateCheck = 1500;
				LastUpgradeCheck = 1500;
				TargetAttributes = {
					AE25E5922AE4ECD700C8C5BA = {
						CreatedOnToolsVersion = 15.0.1;
					};
				};
			};
			buildConfigurationList = AE25E58E2AE4ECD700C8C5BA /* Build configuration list for PBXProject "CombineLearn_Login" */;
			compatibilityVersion = "Xcode 14.0";
			developmentRegion = en;
			hasScannedForEncodings = 0;
			knownRegions = (
				en,
				Base,
			);
			mainGroup = AE25E58A2AE4ECD700C8C5BA;
			productRefGroup = AE25E5942AE4ECD700C8C5BA /* Products */;
			projectDirPath = "";
			projectRoot = "";
			targets = (
				AE25E5922AE4ECD700C8C5BA /* CombineLearn_Login */,
			);
		};
/* End PBXProject section */

/* Begin PBXResourcesBuildPhase section */
		AE25E5912AE4ECD700C8C5BA /* Resources */ = {
			isa = PBXResourcesBuildPhase;
			buildActionMask = 2147483647;
			files = (
				AE25E5A32AE4ECD800C8C5BA /* LaunchScreen.storyboard in Resources */,
				AE25E5A02AE4ECD800C8C5BA /* Assets.xcassets in Resources */,
				AE25E59E2AE4ECD700C8C5BA /* Main.storyboard in Resources */,
			);
			runOnlyForDeploymentPostprocessing = 0;
		};
/* End PBXResourcesBuildPhase section */

/* Begin PBXSourcesBuildPhase section */
		AE25E58F2AE4ECD700C8C5BA /* Sources */ = {
			isa = PBXSourcesBuildPhase;
			buildActionMask = 2147483647;
			files = (
				AE25E5AB2AE5001C00C8C5BA /* LoginViewController.swift in Sources */,
				AE25E5B02AE51ABB00C8C5BA /* UITextField+textPublisher.swift in Sources */,
				AE25E59B2AE4ECD700C8C5BA /* ViewController.swift in Sources */,
				AE25E5972AE4ECD700C8C5BA /* AppDelegate.swift in Sources */,
				AE25E5AD2AE5102C00C8C5BA /* LoginViewModel.swift in Sources */,
				AE25E5992AE4ECD700C8C5BA /* SceneDelegate.swift in Sources */,
			);
			runOnlyForDeploymentPostprocessing = 0;
		};
/* End PBXSourcesBuildPhase section */

/* Begin PBXVariantGroup section */
		AE25E59C2AE4ECD700C8C5BA /* Main.storyboard */ = {
			isa = PBXVariantGroup;
			children = (
				AE25E59D2AE4ECD700C8C5BA /* Base */,
			);
			name = Main.storyboard;
			sourceTree = "<group>";
		};
		AE25E5A12AE4ECD800C8C5BA /* LaunchScreen.storyboard */ = {
			isa = PBXVariantGroup;
			children = (
				AE25E5A22AE4ECD800C8C5BA /* Base */,
			);
			name = LaunchScreen.storyboard;
			sourceTree = "<group>";
		};
/* End PBXVariantGroup section */

/* Begin XCBuildConfiguration section */
		AE25E5A52AE4ECD800C8C5BA /* Debug */ = {
			isa = XCBuildConfiguration;
			buildSettings = {
				ALWAYS_SEARCH_USER_PATHS = NO;
				ASSETCATALOG_COMPILER_GENERATE_SWIFT_ASSET_SYMBOL_EXTENSIONS = YES;
				CLANG_ANALYZER_NONNULL = YES;
				CLANG_ANALYZER_NUMBER_OBJECT_CONVERSION = YES_AGGRESSIVE;
				CLANG_CXX_LANGUAGE_STANDARD = "gnu++20";
				CLANG_ENABLE_MODULES = YES;
				CLANG_ENABLE_OBJC_ARC = YES;
				CLANG_ENABLE_OBJC_WEAK = YES;
				CLANG_WARN_BLOCK_CAPTURE_AUTORELEASING = YES;
				CLANG_WARN_BOOL_CONVERSION = YES;
				CLANG_WARN_COMMA = YES;
				CLANG_WARN_CONSTANT_CONVERSION = YES;
				CLANG_WARN_DEPRECATED_OBJC_IMPLEMENTATIONS = YES;
				CLANG_WARN_DIRECT_OBJC_ISA_USAGE = YES_ERROR;
				CLANG_WARN_DOCUMENTATION_COMMENTS = YES;
				CLANG_WARN_EMPTY_BODY = YES;
				CLANG_WARN_ENUM_CONVERSION = YES;
				CLANG_WARN_INFINITE_RECURSION = YES;
				CLANG_WARN_INT_CONVERSION = YES;
				CLANG_WARN_NON_LITERAL_NULL_CONVERSION = YES;
				CLANG_WARN_OBJC_IMPLICIT_RETAIN_SELF = YES;
				CLANG_WARN_OBJC_LITERAL_CONVERSION = YES;
				CLANG_WARN_OBJC_ROOT_CLASS = YES_ERROR;
				CLANG_WARN_QUOTED_INCLUDE_IN_FRAMEWORK_HEADER = YES;
				CLANG_WARN_RANGE_LOOP_ANALYSIS = YES;
				CLANG_WARN_STRICT_PROTOTYPES = YES;
				CLANG_WARN_SUSPICIOUS_MOVE = YES;
				CLANG_WARN_UNGUARDED_AVAILABILITY = YES_AGGRESSIVE;
				CLANG_WARN_UNREACHABLE_CODE = YES;
				CLANG_WARN__DUPLICATE_METHOD_MATCH = YES;
				COPY_PHASE_STRIP = NO;
				DEBUG_INFORMATION_FORMAT = dwarf;
				ENABLE_STRICT_OBJC_MSGSEND = YES;
				ENABLE_TESTABILITY = YES;
				ENABLE_USER_SCRIPT_SANDBOXING = YES;
				GCC_C_LANGUAGE_STANDARD = gnu17;
				GCC_DYNAMIC_NO_PIC = NO;
				GCC_NO_COMMON_BLOCKS = YES;
				GCC_OPTIMIZATION_LEVEL = 0;
				GCC_PREPROCESSOR_DEFINITIONS = (
					"DEBUG=1",
					"$(inherited)",
				);
				GCC_WARN_64_TO_32_BIT_CONVERSION = YES;
				GCC_WARN_ABOUT_RETURN_TYPE = YES_ERROR;
				GCC_WARN_UNDECLARED_SELECTOR = YES;
				GCC_WARN_UNINITIALIZED_AUTOS = YES_AGGRESSIVE;
				GCC_WARN_UNUSED_FUNCTION = YES;
				GCC_WARN_UNUSED_VARIABLE = YES;
				IPHONEOS_DEPLOYMENT_TARGET = 17.0;
				LOCALIZATION_PREFERS_STRING_CATALOGS = YES;
				MTL_ENABLE_DEBUG_INFO = INCLUDE_SOURCE;
				MTL_FAST_MATH = YES;
				ONLY_ACTIVE_ARCH = YES;
				SDKROOT = iphoneos;
				SWIFT_ACTIVE_COMPILATION_CONDITIONS = "DEBUG $(inherited)";
				SWIFT_OPTIMIZATION_LEVEL = "-Onone";
			};
			name = Debug;
		};
		AE25E5A62AE4ECD800C8C5BA /* Release */ = {
			isa = XCBuildConfiguration;
			buildSettings = {
				ALWAYS_SEARCH_USER_PATHS = NO;
				ASSETCATALOG_COMPILER_GENERATE_SWIFT_ASSET_SYMBOL_EXTENSIONS = YES;
				CLANG_ANALYZER_NONNULL = YES;
				CLANG_ANALYZER_NUMBER_OBJECT_CONVERSION = YES_AGGRESSIVE;
				CLANG_CXX_LANGUAGE_STANDARD = "gnu++20";
				CLANG_ENABLE_MODULES = YES;
				CLANG_ENABLE_OBJC_ARC = YES;
				CLANG_ENABLE_OBJC_WEAK = YES;
				CLANG_WARN_BLOCK_CAPTURE_AUTORELEASING = YES;
				CLANG_WARN_BOOL_CONVERSION = YES;
				CLANG_WARN_COMMA = YES;
				CLANG_WARN_CONSTANT_CONVERSION = YES;
				CLANG_WARN_DEPRECATED_OBJC_IMPLEMENTATIONS = YES;
				CLANG_WARN_DIRECT_OBJC_ISA_USAGE = YES_ERROR;
				CLANG_WARN_DOCUMENTATION_COMMENTS = YES;
				CLANG_WARN_EMPTY_BODY = YES;
				CLANG_WARN_ENUM_CONVERSION = YES;
				CLANG_WARN_INFINITE_RECURSION = YES;
				CLANG_WARN_INT_CONVERSION = YES;
				CLANG_WARN_NON_LITERAL_NULL_CONVERSION = YES;
				CLANG_WARN_OBJC_IMPLICIT_RETAIN_SELF = YES;
				CLANG_WARN_OBJC_LITERAL_CONVERSION = YES;
				CLANG_WARN_OBJC_ROOT_CLASS = YES_ERROR;
				CLANG_WARN_QUOTED_INCLUDE_IN_FRAMEWORK_HEADER = YES;
				CLANG_WARN_RANGE_LOOP_ANALYSIS = YES;
				CLANG_WARN_STRICT_PROTOTYPES = YES;
				CLANG_WARN_SUSPICIOUS_MOVE = YES;
				CLANG_WARN_UNGUARDED_AVAILABILITY = YES_AGGRESSIVE;
				CLANG_WARN_UNREACHABLE_CODE = YES;
				CLANG_WARN__DUPLICATE_METHOD_MATCH = YES;
				COPY_PHASE_STRIP = NO;
				DEBUG_INFORMATION_FORMAT = "dwarf-with-dsym";
				ENABLE_NS_ASSERTIONS = NO;
				ENABLE_STRICT_OBJC_MSGSEND = YES;
				ENABLE_USER_SCRIPT_SANDBOXING = YES;
				GCC_C_LANGUAGE_STANDARD = gnu17;
				GCC_NO_COMMON_BLOCKS = YES;
				GCC_WARN_64_TO_32_BIT_CONVERSION = YES;
				GCC_WARN_ABOUT_RETURN_TYPE = YES_ERROR;
				GCC_WARN_UNDECLARED_SELECTOR = YES;
				GCC_WARN_UNINITIALIZED_AUTOS = YES_AGGRESSIVE;
				GCC_WARN_UNUSED_FUNCTION = YES;
				GCC_WARN_UNUSED_VARIABLE = YES;
				IPHONEOS_DEPLOYMENT_TARGET = 17.0;
				LOCALIZATION_PREFERS_STRING_CATALOGS = YES;
				MTL_ENABLE_DEBUG_INFO = NO;
				MTL_FAST_MATH = YES;
				SDKROOT = iphoneos;
				SWIFT_COMPILATION_MODE = wholemodule;
				VALIDATE_PRODUCT = YES;
			};
			name = Release;
		};
		AE25E5A82AE4ECD800C8C5BA /* Debug */ = {
			isa = XCBuildConfiguration;
			buildSettings = {
				ASSETCATALOG_COMPILER_APPICON_NAME = AppIcon;
				ASSETCATALOG_COMPILER_GLOBAL_ACCENT_COLOR_NAME = AccentColor;
				CODE_SIGN_STYLE = Automatic;
				CURRENT_PROJECT_VERSION = 1;
				DEVELOPMENT_TEAM = VH4XC348YR;
				GENERATE_INFOPLIST_FILE = YES;
				INFOPLIST_FILE = CombineLearn_Login/Info.plist;
				INFOPLIST_KEY_UIApplicationSupportsIndirectInputEvents = YES;
				INFOPLIST_KEY_UILaunchStoryboardName = LaunchScreen;
				INFOPLIST_KEY_UIMainStoryboardFile = Main;
				INFOPLIST_KEY_UISupportedInterfaceOrientations_iPad = "UIInterfaceOrientationPortrait UIInterfaceOrientationPortraitUpsideDown UIInterfaceOrientationLandscapeLeft UIInterfaceOrientationLandscapeRight";
				INFOPLIST_KEY_UISupportedInterfaceOrientations_iPhone = "UIInterfaceOrientationPortrait UIInterfaceOrientationLandscapeLeft UIInterfaceOrientationLandscapeRight";
				LD_RUNPATH_SEARCH_PATHS = (
					"$(inherited)",
					"@executable_path/Frameworks",
				);
				MARKETING_VERSION = 1.0;
				PRODUCT_BUNDLE_IDENTIFIER = "testCombine.CombineLearn-Login";
				PRODUCT_NAME = "$(TARGET_NAME)";
				SWIFT_EMIT_LOC_STRINGS = YES;
				SWIFT_VERSION = 5.0;
				TARGETED_DEVICE_FAMILY = "1,2";
			};
			name = Debug;
		};
		AE25E5A92AE4ECD800C8C5BA /* Release */ = {
			isa = XCBuildConfiguration;
			buildSettings = {
				ASSETCATALOG_COMPILER_APPICON_NAME = AppIcon;
				ASSETCATALOG_COMPILER_GLOBAL_ACCENT_COLOR_NAME = AccentColor;
				CODE_SIGN_STYLE = Automatic;
				CURRENT_PROJECT_VERSION = 1;
				DEVELOPMENT_TEAM = VH4XC348YR;
				GENERATE_INFOPLIST_FILE = YES;
				INFOPLIST_FILE = CombineLearn_Login/Info.plist;
				INFOPLIST_KEY_UIApplicationSupportsIndirectInputEvents = YES;
				INFOPLIST_KEY_UILaunchStoryboardName = LaunchScreen;
				INFOPLIST_KEY_UIMainStoryboardFile = Main;
				INFOPLIST_KEY_UISupportedInterfaceOrientations_iPad = "UIInterfaceOrientationPortrait UIInterfaceOrientationPortraitUpsideDown UIInterfaceOrientationLandscapeLeft UIInterfaceOrientationLandscapeRight";
				INFOPLIST_KEY_UISupportedInterfaceOrientations_iPhone = "UIInterfaceOrientationPortrait UIInterfaceOrientationLandscapeLeft UIInterfaceOrientationLandscapeRight";
				LD_RUNPATH_SEARCH_PATHS = (
					"$(inherited)",
					"@executable_path/Frameworks",
				);
				MARKETING_VERSION = 1.0;
				PRODUCT_BUNDLE_IDENTIFIER = "testCombine.CombineLearn-Login";
				PRODUCT_NAME = "$(TARGET_NAME)";
				SWIFT_EMIT_LOC_STRINGS = YES;
				SWIFT_VERSION = 5.0;
				TARGETED_DEVICE_FAMILY = "1,2";
			};
			name = Release;
		};
/* End XCBuildConfiguration section */

/* Begin XCConfigurationList section */
		AE25E58E2AE4ECD700C8C5BA /* Build configuration list for PBXProject "CombineLearn_Login" */ = {
			isa = XCConfigurationList;
			buildConfigurations = (
				AE25E5A52AE4ECD800C8C5BA /* Debug */,
				AE25E5A62AE4ECD800C8C5BA /* Release */,
			);
			defaultConfigurationIsVisible = 0;
			defaultConfigurationName = Release;
		};
		AE25E5A72AE4ECD800C8C5BA /* Build configuration list for PBXNativeTarget "CombineLearn_Login" */ = {
			isa = XCConfigurationList;
			buildConfigurations = (
				AE25E5A82AE4ECD800C8C5BA /* Debug */,
				AE25E5A92AE4ECD800C8C5BA /* Release */,
			);
			defaultConfigurationIsVisible = 0;
			defaultConfigurationName = Release;
		};
/* End XCConfigurationList section */
	};
	rootObject = AE25E58B2AE4ECD700C8C5BA /* Project object */;
}
